
Microsoft Visual Studio Solution File, Format Version 12.00
# Visual Studio 15
VisualStudioVersion = 15.0.27428.2043
MinimumVisualStudioVersion = 10.0.40219.1
Project("{FAE04EC0-301F-11D3-BF4B-00C04F79EFBC}") = "HelloWorld", "HelloWorld\HelloWorld.csproj", "{FA606B0C-DF8E-454D-BB7C-ADCC31619B9B}"
EndProject
Global
	GlobalSection(SolutionConfigurationPlatforms) = preSolution
		Debug|Any CPU = Debug|Any CPU
		Release|Any CPU = Release|Any CPU
	EndGlobalSection
	GlobalSection(ProjectConfigurationPlatforms) = postSolution
		{FA606B0C-DF8E-454D-BB7C-ADCC31619B9B}.Debug|Any CPU.ActiveCfg = Debug|Any CPU
		{FA606B0C-DF8E-454D-BB7C-ADCC31619B9B}.Debug|Any CPU.Build.0 = Debug|Any CPU
		{FA606B0C-DF8E-454D-BB7C-ADCC31619B9B}.Release|Any CPU.ActiveCfg = Release|Any CPU
		{FA606B0C-DF8E-454D-BB7C-ADCC31619B9B}.Release|Any CPU.Build.0 = Release|Any CPU
	EndGlobalSection
	GlobalSection(SolutionProperties) = preSolution
		HideSolutionNode = FALSE
	EndGlobalSection
	GlobalSection(ExtensibilityGlobals) = postSolution
		SolutionGuid = {059BD922-61E1-47E1-906B-9439ADC3262F}
	EndGlobalSection
EndGlobal
